
Microsoft Visual Studio Solution File, Format Version 12.00
# Visual Studio Version 17
VisualStudioVersion = 17.7.34024.191
MinimumVisualStudioVersion = 10.0.40219.1
Project("{9A19103F-16F7-4668-BE54-9A1E7A4F7556}") = "EcaFinance", "EcaFinance\EcaFinance.csproj", "{7D1AA011-C073-428E-9601-D77A06ACB682}"
	ProjectSection(ProjectDependencies) = postProject
		{4FB35920-9439-4751-AAB4-63DB5E9487F3} = {4FB35920-9439-4751-AAB4-63DB5E9487F3}
	EndProjectSection
EndProject
Project("{9A19103F-16F7-4668-BE54-9A1E7A4F7556}") = "DataAccess", "DataAccess\DataAccess.csproj", "{565DF71B-535A-413F-8766-3B60DC0BE967}"
EndProject
Project("{9A19103F-16F7-4668-BE54-9A1E7A4F7556}") = "Common", "Common\Common.csproj", "{4FB35920-9439-4751-AAB4-63DB5E9487F3}"
EndProject
Project("{9A19103F-16F7-4668-BE54-9A1E7A4F7556}") = "BLL", "BLL\BLL.csproj", "{256A3F03-8BFD-49B7-962C-63F46EA11942}"
EndProject
Project("{9A19103F-16F7-4668-BE54-9A1E7A4F7556}") = "EcaFinanceBlazor", "EcaFinanceBlazor\EcaFinanceBlazor.csproj", "{CBC6960D-1630-4028-9F2A-CEECF2B7AA5B}"
EndProject
Project("{FAE04EC0-301F-11D3-BF4B-00C04F79EFBC}") = "EcaFinanceAPI", "EcaFinanceAPI\EcaFinanceAPI.csproj", "{9CCAB4BE-47F6-47A8-B390-A042512153E5}"
EndProject
Global
	GlobalSection(SolutionConfigurationPlatforms) = preSolution
		Debug|Any CPU = Debug|Any CPU
		Release|Any CPU = Release|Any CPU
	EndGlobalSection
	GlobalSection(ProjectConfigurationPlatforms) = postSolution
		{7D1AA011-C073-428E-9601-D77A06ACB682}.Debug|Any CPU.ActiveCfg = Debug|Any CPU
		{7D1AA011-C073-428E-9601-D77A06ACB682}.Debug|Any CPU.Build.0 = Debug|Any CPU
		{7D1AA011-C073-428E-9601-D77A06ACB682}.Release|Any CPU.ActiveCfg = Release|Any CPU
		{7D1AA011-C073-428E-9601-D77A06ACB682}.Release|Any CPU.Build.0 = Release|Any CPU
		{565DF71B-535A-413F-8766-3B60DC0BE967}.Debug|Any CPU.ActiveCfg = Debug|Any CPU
		{565DF71B-535A-413F-8766-3B60DC0BE967}.Debug|Any CPU.Build.0 = Debug|Any CPU
		{565DF71B-535A-413F-8766-3B60DC0BE967}.Release|Any CPU.ActiveCfg = Release|Any CPU
		{565DF71B-535A-413F-8766-3B60DC0BE967}.Release|Any CPU.Build.0 = Release|Any CPU
		{4FB35920-9439-4751-AAB4-63DB5E9487F3}.Debug|Any CPU.ActiveCfg = Debug|Any CPU
		{4FB35920-9439-4751-AAB4-63DB5E9487F3}.Debug|Any CPU.Build.0 = Debug|Any CPU
		{4FB35920-9439-4751-AAB4-63DB5E9487F3}.Release|Any CPU.ActiveCfg = Release|Any CPU
		{4FB35920-9439-4751-AAB4-63DB5E9487F3}.Release|Any CPU.Build.0 = Release|Any CPU
		{256A3F03-8BFD-49B7-962C-63F46EA11942}.Debug|Any CPU.ActiveCfg = Debug|Any CPU
		{256A3F03-8BFD-49B7-962C-63F46EA11942}.Debug|Any CPU.Build.0 = Debug|Any CPU
		{256A3F03-8BFD-49B7-962C-63F46EA11942}.Release|Any CPU.ActiveCfg = Release|Any CPU
		{256A3F03-8BFD-49B7-962C-63F46EA11942}.Release|Any CPU.Build.0 = Release|Any CPU
		{CBC6960D-1630-4028-9F2A-CEECF2B7AA5B}.Debug|Any CPU.ActiveCfg = Debug|Any CPU
		{CBC6960D-1630-4028-9F2A-CEECF2B7AA5B}.Debug|Any CPU.Build.0 = Debug|Any CPU
		{CBC6960D-1630-4028-9F2A-CEECF2B7AA5B}.Release|Any CPU.ActiveCfg = Release|Any CPU
		{CBC6960D-1630-4028-9F2A-CEECF2B7AA5B}.Release|Any CPU.Build.0 = Release|Any CPU
		{9CCAB4BE-47F6-47A8-B390-A042512153E5}.Debug|Any CPU.ActiveCfg = Debug|Any CPU
		{9CCAB4BE-47F6-47A8-B390-A042512153E5}.Debug|Any CPU.Build.0 = Debug|Any CPU
		{9CCAB4BE-47F6-47A8-B390-A042512153E5}.Release|Any CPU.ActiveCfg = Release|Any CPU
		{9CCAB4BE-47F6-47A8-B390-A042512153E5}.Release|Any CPU.Build.0 = Release|Any CPU
	EndGlobalSection
	GlobalSection(SolutionProperties) = preSolution
		HideSolutionNode = FALSE
	EndGlobalSection
	GlobalSection(ExtensibilityGlobals) = postSolution
		SolutionGuid = {D140E984-4950-4F28-8D27-98D5D9059B75}
	EndGlobalSection
EndGlobal
